
Microsoft Visual Studio Solution File, Format Version 12.00
# Visual Studio Version 17
VisualStudioVersion = 17.5.002.0
MinimumVisualStudioVersion = 10.0.40219.1
Project("{9A19103F-16F7-4668-BE54-9A1E7A4F7556}") = "RpgMvc", "RpgMvc.csproj", "{448CDBA3-0113-48DC-BED6-8BA634A5A4EA}"
EndProject
Global
	GlobalSection(SolutionConfigurationPlatforms) = preSolution
		Debug|Any CPU = Debug|Any CPU
		Release|Any CPU = Release|Any CPU
	EndGlobalSection
	GlobalSection(ProjectConfigurationPlatforms) = postSolution
		{448CDBA3-0113-48DC-BED6-8BA634A5A4EA}.Debug|Any CPU.ActiveCfg = Debug|Any CPU
		{448CDBA3-0113-48DC-BED6-8BA634A5A4EA}.Debug|Any CPU.Build.0 = Debug|Any CPU
		{448CDBA3-0113-48DC-BED6-8BA634A5A4EA}.Release|Any CPU.ActiveCfg = Release|Any CPU
		{448CDBA3-0113-48DC-BED6-8BA634A5A4EA}.Release|Any CPU.Build.0 = Release|Any CPU
	EndGlobalSection
	GlobalSection(SolutionProperties) = preSolution
		HideSolutionNode = FALSE
	EndGlobalSection
	GlobalSection(ExtensibilityGlobals) = postSolution
		SolutionGuid = {774F887E-04F3-4109-BB0E-725E10F9479A}
	EndGlobalSection
EndGlobal
